// !$*UTF8*$!
{
	archiveVersion = 1;
	classes = {
	};
	objectVersion = 56;
	objects = {

/* Begin PBXBuildFile section */
		3628BC3A29A9E11200A59EE8 /* AppDelegate.swift in Sources */ = {isa = PBXBuildFile; fileRef = 3628BC3929A9E11200A59EE8 /* AppDelegate.swift */; };
		3628BC3C29A9E11200A59EE8 /* SceneDelegate.swift in Sources */ = {isa = PBXBuildFile; fileRef = 3628BC3B29A9E11200A59EE8 /* SceneDelegate.swift */; };
		3628BC4629A9E11F00A59EE8 /* LaunchScreen.storyboard in Resources */ = {isa = PBXBuildFile; fileRef = 3628BC4429A9E11F00A59EE8 /* LaunchScreen.storyboard */; };
		362ECDFC29F7F62700A05322 /* UIImage+.swift in Sources */ = {isa = PBXBuildFile; fileRef = 362ECDFB29F7F62700A05322 /* UIImage+.swift */; };
		362ECDFE29F806AA00A05322 /* Notification.swift in Sources */ = {isa = PBXBuildFile; fileRef = 362ECDFD29F806AA00A05322 /* Notification.swift */; };
		362ECE0029F93B7D00A05322 /* DaliyUseView.swift in Sources */ = {isa = PBXBuildFile; fileRef = 362ECDFF29F93B7D00A05322 /* DaliyUseView.swift */; };
		36348BF029BE37CE00548051 /* map_pinup_custom@3x.png in Resources */ = {isa = PBXBuildFile; fileRef = 36348BCB29BE37CE00548051 /* map_pinup_custom@3x.png */; };
		36348BF129BE37CE00548051 /* map_pin_custom.png in Resources */ = {isa = PBXBuildFile; fileRef = 36348BCC29BE37CE00548051 /* map_pin_custom.png */; };
		36348BF229BE37CE00548051 /* shadow_balloon.png in Resources */ = {isa = PBXBuildFile; fileRef = 36348BCD29BE37CE00548051 /* shadow_balloon.png */; };
		36348BF329BE37CE00548051 /* map_pinup.png in Resources */ = {isa = PBXBuildFile; fileRef = 36348BCE29BE37CE00548051 /* map_pinup.png */; };
		36348BF429BE37CE00548051 /* detail_button.png in Resources */ = {isa = PBXBuildFile; fileRef = 36348BCF29BE37CE00548051 /* detail_button.png */; };
		36348BF529BE37CE00548051 /* map_pin_custom@3x.png in Resources */ = {isa = PBXBuildFile; fileRef = 36348BD029BE37CE00548051 /* map_pin_custom@3x.png */; };
		36348BF629BE37CE00548051 /* map_pinup@3x.png in Resources */ = {isa = PBXBuildFile; fileRef = 36348BD129BE37CE00548051 /* map_pinup@3x.png */; };
		36348BF729BE37CE00548051 /* map_pin_shadow@3x.png in Resources */ = {isa = PBXBuildFile; fileRef = 36348BD229BE37CE00548051 /* map_pin_shadow@3x.png */; };
		36348BF829BE37CE00548051 /* copyright.png in Resources */ = {isa = PBXBuildFile; fileRef = 36348BD329BE37CE00548051 /* copyright.png */; };
		36348BF929BE37CE00548051 /* th_line.png in Resources */ = {isa = PBXBuildFile; fileRef = 36348BD429BE37CE00548051 /* th_line.png */; };
		36348BFA29BE37CE00548051 /* map_pin_red@3x.png in Resources */ = {isa = PBXBuildFile; fileRef = 36348BD529BE37CE00548051 /* map_pin_red@3x.png */; };
		36348BFB29BE37CE00548051 /* daum_copyright.png in Resources */ = {isa = PBXBuildFile; fileRef = 36348BD629BE37CE00548051 /* daum_copyright.png */; };
		36348BFC29BE37CE00548051 /* map_pin@3x.png in Resources */ = {isa = PBXBuildFile; fileRef = 36348BD729BE37CE00548051 /* map_pin@3x.png */; };
		36348BFD29BE37CE00548051 /* map_present_tracking.png in Resources */ = {isa = PBXBuildFile; fileRef = 36348BD829BE37CE00548051 /* map_present_tracking.png */; };
		36348BFE29BE37CE00548051 /* map_pin_red.png in Resources */ = {isa = PBXBuildFile; fileRef = 36348BD929BE37CE00548051 /* map_pin_red.png */; };
		36348BFF29BE37CE00548051 /* info_box.png in Resources */ = {isa = PBXBuildFile; fileRef = 36348BE329BE37CE00548051 /* info_box.png */; };
		36348C0029BE37CE00548051 /* point_sprite.png in Resources */ = {isa = PBXBuildFile; fileRef = 36348BE429BE37CE00548051 /* point_sprite.png */; };
		36348C0129BE37CE00548051 /* map_pinup_custom.png in Resources */ = {isa = PBXBuildFile; fileRef = 36348BE529BE37CE00548051 /* map_pinup_custom.png */; };
		36348C0229BE37CE00548051 /* info_box_tail.png in Resources */ = {isa = PBXBuildFile; fileRef = 36348BE629BE37CE00548051 /* info_box_tail.png */; };
		36348C0329BE37CE00548051 /* noimage256.png in Resources */ = {isa = PBXBuildFile; fileRef = 36348BE729BE37CE00548051 /* noimage256.png */; };
		36348C0429BE37CE00548051 /* map_present_direction.png in Resources */ = {isa = PBXBuildFile; fileRef = 36348BE829BE37CE00548051 /* map_present_direction.png */; };
		36348C0529BE37CE00548051 /* map_pin.png in Resources */ = {isa = PBXBuildFile; fileRef = 36348BE929BE37CE00548051 /* map_pin.png */; };
		36348C0629BE37CE00548051 /* map_present.png in Resources */ = {isa = PBXBuildFile; fileRef = 36348BEA29BE37CE00548051 /* map_present.png */; };
		36348C0729BE37CE00548051 /* noimage.png in Resources */ = {isa = PBXBuildFile; fileRef = 36348BEB29BE37CE00548051 /* noimage.png */; };
		36348C0829BE37CE00548051 /* map_present_background_update.png in Resources */ = {isa = PBXBuildFile; fileRef = 36348BEC29BE37CE00548051 /* map_present_background_update.png */; };
		36348C0929BE37CE00548051 /* daum_th_line.png in Resources */ = {isa = PBXBuildFile; fileRef = 36348BED29BE37CE00548051 /* daum_th_line.png */; };
		36348C0A29BE37CE00548051 /* map_pin_shadow.png in Resources */ = {isa = PBXBuildFile; fileRef = 36348BEE29BE37CE00548051 /* map_pin_shadow.png */; };
		36348C0B29BE37CE00548051 /* DaumMap.framework in Frameworks */ = {isa = PBXBuildFile; fileRef = 36348BEF29BE37CE00548051 /* DaumMap.framework */; };
		36348C0D29BE383200548051 /* CoreLocation.framework in Frameworks */ = {isa = PBXBuildFile; fileRef = 36348C0C29BE383200548051 /* CoreLocation.framework */; };
		36348C1029BE384B00548051 /* Metal.framework in Frameworks */ = {isa = PBXBuildFile; fileRef = 36348C0F29BE384B00548051 /* Metal.framework */; };
		36348C1229BE385800548051 /* QuartzCore.framework in Frameworks */ = {isa = PBXBuildFile; fileRef = 36348C1129BE385800548051 /* QuartzCore.framework */; };
		36348C1429BE385D00548051 /* SystemConfiguration.framework in Frameworks */ = {isa = PBXBuildFile; fileRef = 36348C1329BE385D00548051 /* SystemConfiguration.framework */; };
		36348C1629BE3A6500548051 /* libc++.tbd in Frameworks */ = {isa = PBXBuildFile; fileRef = 36348C0E29BE384100548051 /* libc++.tbd */; };
		36348C1829BE3A7F00548051 /* libsqlite3.tbd in Frameworks */ = {isa = PBXBuildFile; fileRef = 36348C1729BE3A7200548051 /* libsqlite3.tbd */; };
		36348C1A29BE3A9500548051 /* libxml2.tbd in Frameworks */ = {isa = PBXBuildFile; fileRef = 36348C1929BE3A8A00548051 /* libxml2.tbd */; };
		36348C2129BE404800548051 /* Pods_Mozzi.framework in Frameworks */ = {isa = PBXBuildFile; fileRef = 36348C2029BE404800548051 /* Pods_Mozzi.framework */; };
		3651571129F3436300598391 /* OCRImportView.swift in Sources */ = {isa = PBXBuildFile; fileRef = 3651571029F3436300598391 /* OCRImportView.swift */; };
		3651571E29F3AECA00598391 /* Assets.xcassets in Resources */ = {isa = PBXBuildFile; fileRef = 3651571D29F3AEC900598391 /* Assets.xcassets */; };
		36571AD929F94A4100576EF3 /* Consum.swift in Sources */ = {isa = PBXBuildFile; fileRef = 36571AD829F94A4100576EF3 /* Consum.swift */; };
		36571ADB29F9629700576EF3 /* String+.swift in Sources */ = {isa = PBXBuildFile; fileRef = 36571ADA29F9629700576EF3 /* String+.swift */; };
		36571ADD29F9635800576EF3 /* Date+.swift in Sources */ = {isa = PBXBuildFile; fileRef = 36571ADC29F9635800576EF3 /* Date+.swift */; };
		36571AE029F989B300576EF3 /* Consum.json in Resources */ = {isa = PBXBuildFile; fileRef = 36571ADF29F989B300576EF3 /* Consum.json */; };
		36571AE329F98C1D00576EF3 /* MockParser.swift in Sources */ = {isa = PBXBuildFile; fileRef = 36571AE229F98C1D00576EF3 /* MockParser.swift */; };
		36571AE629F98C8800576EF3 /* ConsumManager.swift in Sources */ = {isa = PBXBuildFile; fileRef = 36571AE529F98C8800576EF3 /* ConsumManager.swift */; };
		36AB67C829EF266000C60C59 /* UploadRes.swift in Sources */ = {isa = PBXBuildFile; fileRef = 36AB67C729EF266000C60C59 /* UploadRes.swift */; };
		36AB67CA29EF4CB300C60C59 /* BaseScrollView.swift in Sources */ = {isa = PBXBuildFile; fileRef = 36AB67C929EF4CB300C60C59 /* BaseScrollView.swift */; };
		36D3BB6229EE8A5300A82957 /* HorizontalScrollView.swift in Sources */ = {isa = PBXBuildFile; fileRef = 36D3BB3C29EE8A5200A82957 /* HorizontalScrollView.swift */; };
		36D3BB6329EE8A5300A82957 /* ProfileView.swift in Sources */ = {isa = PBXBuildFile; fileRef = 36D3BB3D29EE8A5200A82957 /* ProfileView.swift */; };
		36D3BB6429EE8A5300A82957 /* PlaceListView.swift in Sources */ = {isa = PBXBuildFile; fileRef = 36D3BB3E29EE8A5200A82957 /* PlaceListView.swift */; };
		36D3BB6529EE8A5300A82957 /* MapView.swift in Sources */ = {isa = PBXBuildFile; fileRef = 36D3BB3F29EE8A5200A82957 /* MapView.swift */; };
		36D3BB6629EE8A5300A82957 /* StampImageCell.swift in Sources */ = {isa = PBXBuildFile; fileRef = 36D3BB4029EE8A5200A82957 /* StampImageCell.swift */; };
		36D3BB6729EE8A5300A82957 /* UploadView.swift in Sources */ = {isa = PBXBuildFile; fileRef = 36D3BB4129EE8A5200A82957 /* UploadView.swift */; };
		36D3BB6829EE8A5300A82957 /* WritingPageView.swift in Sources */ = {isa = PBXBuildFile; fileRef = 36D3BB4229EE8A5200A82957 /* WritingPageView.swift */; };
		36D3BB6929EE8A5300A82957 /* WishListView.swift in Sources */ = {isa = PBXBuildFile; fileRef = 36D3BB4329EE8A5200A82957 /* WishListView.swift */; };
		36D3BB6A29EE8A5300A82957 /* HeartView.swift in Sources */ = {isa = PBXBuildFile; fileRef = 36D3BB4429EE8A5200A82957 /* HeartView.swift */; };
		36D3BB6B29EE8A5300A82957 /* NotificationTableViewCell.swift in Sources */ = {isa = PBXBuildFile; fileRef = 36D3BB4529EE8A5200A82957 /* NotificationTableViewCell.swift */; };
		36D3BB6C29EE8A5300A82957 /* AddButton.swift in Sources */ = {isa = PBXBuildFile; fileRef = 36D3BB4629EE8A5200A82957 /* AddButton.swift */; };
		36D3BB6D29EE8A5300A82957 /* PlaceListTableViewCell.swift in Sources */ = {isa = PBXBuildFile; fileRef = 36D3BB4729EE8A5200A82957 /* PlaceListTableViewCell.swift */; };
		36D3BB6E29EE8A5300A82957 /* WritingPageViewController.swift in Sources */ = {isa = PBXBuildFile; fileRef = 36D3BB4929EE8A5200A82957 /* WritingPageViewController.swift */; };
		36D3BB6F29EE8A5300A82957 /* MapViewController.swift in Sources */ = {isa = PBXBuildFile; fileRef = 36D3BB4A29EE8A5200A82957 /* MapViewController.swift */; };
		36D3BB7029EE8A5300A82957 /* MainViewController.swift in Sources */ = {isa = PBXBuildFile; fileRef = 36D3BB4B29EE8A5200A82957 /* MainViewController.swift */; };
		36D3BB7129EE8A5300A82957 /* NotificationSettingViewController.swift in Sources */ = {isa = PBXBuildFile; fileRef = 36D3BB4C29EE8A5200A82957 /* NotificationSettingViewController.swift */; };
		36D3BB7229EE8A5300A82957 /* NotificationTableViewController.swift in Sources */ = {isa = PBXBuildFile; fileRef = 36D3BB4D29EE8A5200A82957 /* NotificationTableViewController.swift */; };
		36D3BB7329EE8A5300A82957 /* CameraViewController.swift in Sources */ = {isa = PBXBuildFile; fileRef = 36D3BB4E29EE8A5200A82957 /* CameraViewController.swift */; };
		36D3BB7429EE8A5300A82957 /* UploadViewController.swift in Sources */ = {isa = PBXBuildFile; fileRef = 36D3BB4F29EE8A5200A82957 /* UploadViewController.swift */; };
		36D3BB7529EE8A5300A82957 /* MainTabBarController.swift in Sources */ = {isa = PBXBuildFile; fileRef = 36D3BB5029EE8A5200A82957 /* MainTabBarController.swift */; };
		36D3BB7629EE8A5300A82957 /* MypageViewController.swift in Sources */ = {isa = PBXBuildFile; fileRef = 36D3BB5129EE8A5200A82957 /* MypageViewController.swift */; };
		36D3BB7729EE8A5300A82957 /* PlaceListViewController.swift in Sources */ = {isa = PBXBuildFile; fileRef = 36D3BB5229EE8A5200A82957 /* PlaceListViewController.swift */; };
		36D3BB7829EE8A5300A82957 /* Model.swift in Sources */ = {isa = PBXBuildFile; fileRef = 36D3BB5429EE8A5300A82957 /* Model.swift */; };
		36D3BB7929EE8A5300A82957 /* Image.swift in Sources */ = {isa = PBXBuildFile; fileRef = 36D3BB5629EE8A5300A82957 /* Image.swift */; };
		36D3BB7A29EE8A5300A82957 /* SignUpViewController.swift in Sources */ = {isa = PBXBuildFile; fileRef = 36D3BB5829EE8A5300A82957 /* SignUpViewController.swift */; };
		36D3BB7B29EE8A5300A82957 /* SignInView.swift in Sources */ = {isa = PBXBuildFile; fileRef = 36D3BB5929EE8A5300A82957 /* SignInView.swift */; };
		36D3BB7C29EE8A5300A82957 /* UserInfoModel.swift in Sources */ = {isa = PBXBuildFile; fileRef = 36D3BB5A29EE8A5300A82957 /* UserInfoModel.swift */; };
		36D3BB7D29EE8A5300A82957 /* SignInViewController.swift in Sources */ = {isa = PBXBuildFile; fileRef = 36D3BB5B29EE8A5300A82957 /* SignInViewController.swift */; };
		36D3BB7E29EE8A5300A82957 /* UIView+.swift in Sources */ = {isa = PBXBuildFile; fileRef = 36D3BB5D29EE8A5300A82957 /* UIView+.swift */; };
		36D3BB7F29EE8A5300A82957 /* UIStackView+.swift in Sources */ = {isa = PBXBuildFile; fileRef = 36D3BB5E29EE8A5300A82957 /* UIStackView+.swift */; };
		36D3BB8029EE8A5300A82957 /* UIViewController+.swift in Sources */ = {isa = PBXBuildFile; fileRef = 36D3BB5F29EE8A5300A82957 /* UIViewController+.swift */; };
		36D3BB8129EE8A5300A82957 /* UIColor+.swift in Sources */ = {isa = PBXBuildFile; fileRef = 36D3BB6029EE8A5300A82957 /* UIColor+.swift */; };
		36D3BB8229EE8A5300A82957 /* BaseView.swift in Sources */ = {isa = PBXBuildFile; fileRef = 36D3BB6129EE8A5300A82957 /* BaseView.swift */; };
		36D3BB8729EE935D00A82957 /* PhotoCaptureDelegate.swift in Sources */ = {isa = PBXBuildFile; fileRef = 36D3BB8629EE935D00A82957 /* PhotoCaptureDelegate.swift */; };
		36D3BB8D29EEDA2800A82957 /* OCRViewController.swift in Sources */ = {isa = PBXBuildFile; fileRef = 36D3BB8C29EEDA2800A82957 /* OCRViewController.swift */; };
		36D3BB8F29EEDC8A00A82957 /* LoadingView.swift in Sources */ = {isa = PBXBuildFile; fileRef = 36D3BB8E29EEDC8A00A82957 /* LoadingView.swift */; };
		36D3BB9529EEECBF00A82957 /* CalendarView.swift in Sources */ = {isa = PBXBuildFile; fileRef = 36D3BB9429EEECBF00A82957 /* CalendarView.swift */; };
		36F031F729F7E8CB0038998A /* UIFont+.swift in Sources */ = {isa = PBXBuildFile; fileRef = 36F031F629F7E8CB0038998A /* UIFont+.swift */; };
		36F0320129F7EC650038998A /* Pretendard-SemiBold.otf in Resources */ = {isa = PBXBuildFile; fileRef = 36F031F829F7EC640038998A /* Pretendard-SemiBold.otf */; };
		36F0320229F7EC650038998A /* Pretendard-ExtraBold.otf in Resources */ = {isa = PBXBuildFile; fileRef = 36F031F929F7EC640038998A /* Pretendard-ExtraBold.otf */; };
		36F0320329F7EC650038998A /* Pretendard-Black.otf in Resources */ = {isa = PBXBuildFile; fileRef = 36F031FA29F7EC640038998A /* Pretendard-Black.otf */; };
		36F0320429F7EC650038998A /* Pretendard-ExtraLight.otf in Resources */ = {isa = PBXBuildFile; fileRef = 36F031FB29F7EC640038998A /* Pretendard-ExtraLight.otf */; };
		36F0320529F7EC650038998A /* Pretendard-Bold.otf in Resources */ = {isa = PBXBuildFile; fileRef = 36F031FC29F7EC640038998A /* Pretendard-Bold.otf */; };
		36F0320629F7EC650038998A /* Pretendard-Light.otf in Resources */ = {isa = PBXBuildFile; fileRef = 36F031FD29F7EC640038998A /* Pretendard-Light.otf */; };
		36F0320729F7EC650038998A /* Pretendard-Regular.otf in Resources */ = {isa = PBXBuildFile; fileRef = 36F031FE29F7EC640038998A /* Pretendard-Regular.otf */; };
		36F0320829F7EC650038998A /* Pretendard-Medium.otf in Resources */ = {isa = PBXBuildFile; fileRef = 36F031FF29F7EC650038998A /* Pretendard-Medium.otf */; };
		36F0320929F7EC650038998A /* Pretendard-Thin.otf in Resources */ = {isa = PBXBuildFile; fileRef = 36F0320029F7EC650038998A /* Pretendard-Thin.otf */; };
/* End PBXBuildFile section */

/* Begin PBXCopyFilesBuildPhase section */
		36348C1E29BE3B8900548051 /* Embed Frameworks */ = {
			isa = PBXCopyFilesBuildPhase;
			buildActionMask = 2147483647;
			dstPath = "";
			dstSubfolderSpec = 10;
			files = (
			);
			name = "Embed Frameworks";
			runOnlyForDeploymentPostprocessing = 0;
		};
/* End PBXCopyFilesBuildPhase section */

/* Begin PBXFileReference section */
		3628BC3629A9E11200A59EE8 /* Mozzi.app */ = {isa = PBXFileReference; explicitFileType = wrapper.application; includeInIndex = 0; path = Mozzi.app; sourceTree = BUILT_PRODUCTS_DIR; };
		3628BC3929A9E11200A59EE8 /* AppDelegate.swift */ = {isa = PBXFileReference; lastKnownFileType = sourcecode.swift; path = AppDelegate.swift; sourceTree = "<group>"; };
		3628BC3B29A9E11200A59EE8 /* SceneDelegate.swift */ = {isa = PBXFileReference; lastKnownFileType = sourcecode.swift; path = SceneDelegate.swift; sourceTree = "<group>"; };
		3628BC4529A9E11F00A59EE8 /* Base */ = {isa = PBXFileReference; lastKnownFileType = file.storyboard; name = Base; path = Base.lproj/LaunchScreen.storyboard; sourceTree = "<group>"; };
		3628BC4729A9E11F00A59EE8 /* Info.plist */ = {isa = PBXFileReference; lastKnownFileType = text.plist.xml; path = Info.plist; sourceTree = "<group>"; };
		362ECDFB29F7F62700A05322 /* UIImage+.swift */ = {isa = PBXFileReference; lastKnownFileType = sourcecode.swift; path = "UIImage+.swift"; sourceTree = "<group>"; };
		362ECDFD29F806AA00A05322 /* Notification.swift */ = {isa = PBXFileReference; lastKnownFileType = sourcecode.swift; path = Notification.swift; sourceTree = "<group>"; };
		362ECDFF29F93B7D00A05322 /* DaliyUseView.swift */ = {isa = PBXFileReference; lastKnownFileType = sourcecode.swift; path = DaliyUseView.swift; sourceTree = "<group>"; };
		36348BCB29BE37CE00548051 /* map_pinup_custom@3x.png */ = {isa = PBXFileReference; lastKnownFileType = image.png; path = "map_pinup_custom@3x.png"; sourceTree = "<group>"; };
		36348BCC29BE37CE00548051 /* map_pin_custom.png */ = {isa = PBXFileReference; lastKnownFileType = image.png; path = map_pin_custom.png; sourceTree = "<group>"; };
		36348BCD29BE37CE00548051 /* shadow_balloon.png */ = {isa = PBXFileReference; lastKnownFileType = image.png; path = shadow_balloon.png; sourceTree = "<group>"; };
		36348BCE29BE37CE00548051 /* map_pinup.png */ = {isa = PBXFileReference; lastKnownFileType = image.png; path = map_pinup.png; sourceTree = "<group>"; };
		36348BCF29BE37CE00548051 /* detail_button.png */ = {isa = PBXFileReference; lastKnownFileType = image.png; path = detail_button.png; sourceTree = "<group>"; };
		36348BD029BE37CE00548051 /* map_pin_custom@3x.png */ = {isa = PBXFileReference; lastKnownFileType = image.png; path = "map_pin_custom@3x.png"; sourceTree = "<group>"; };
		36348BD129BE37CE00548051 /* map_pinup@3x.png */ = {isa = PBXFileReference; lastKnownFileType = image.png; path = "map_pinup@3x.png"; sourceTree = "<group>"; };
		36348BD229BE37CE00548051 /* map_pin_shadow@3x.png */ = {isa = PBXFileReference; lastKnownFileType = image.png; path = "map_pin_shadow@3x.png"; sourceTree = "<group>"; };
		36348BD329BE37CE00548051 /* copyright.png */ = {isa = PBXFileReference; lastKnownFileType = image.png; path = copyright.png; sourceTree = "<group>"; };
		36348BD429BE37CE00548051 /* th_line.png */ = {isa = PBXFileReference; lastKnownFileType = image.png; path = th_line.png; sourceTree = "<group>"; };
		36348BD529BE37CE00548051 /* map_pin_red@3x.png */ = {isa = PBXFileReference; lastKnownFileType = image.png; path = "map_pin_red@3x.png"; sourceTree = "<group>"; };
		36348BD629BE37CE00548051 /* daum_copyright.png */ = {isa = PBXFileReference; lastKnownFileType = image.png; path = daum_copyright.png; sourceTree = "<group>"; };
		36348BD729BE37CE00548051 /* map_pin@3x.png */ = {isa = PBXFileReference; lastKnownFileType = image.png; path = "map_pin@3x.png"; sourceTree = "<group>"; };
		36348BD829BE37CE00548051 /* map_present_tracking.png */ = {isa = PBXFileReference; lastKnownFileType = image.png; path = map_present_tracking.png; sourceTree = "<group>"; };
		36348BD929BE37CE00548051 /* map_pin_red.png */ = {isa = PBXFileReference; lastKnownFileType = image.png; path = map_pin_red.png; sourceTree = "<group>"; };
		36348BDB29BE37CE00548051 /* MTMapPOIItem.h */ = {isa = PBXFileReference; fileEncoding = 4; lastKnownFileType = sourcecode.c.h; path = MTMapPOIItem.h; sourceTree = "<group>"; };
		36348BDC29BE37CE00548051 /* MTMapCameraUpdate.h */ = {isa = PBXFileReference; fileEncoding = 4; lastKnownFileType = sourcecode.c.h; path = MTMapCameraUpdate.h; sourceTree = "<group>"; };
		36348BDD29BE37CE00548051 /* MTMapReverseGeoCoder.h */ = {isa = PBXFileReference; fileEncoding = 4; lastKnownFileType = sourcecode.c.h; path = MTMapReverseGeoCoder.h; sourceTree = "<group>"; };
		36348BDE29BE37CE00548051 /* MTMapPolyline.h */ = {isa = PBXFileReference; fileEncoding = 4; lastKnownFileType = sourcecode.c.h; path = MTMapPolyline.h; sourceTree = "<group>"; };
		36348BDF29BE37CE00548051 /* MTMapLocationMarkerItem.h */ = {isa = PBXFileReference; fileEncoding = 4; lastKnownFileType = sourcecode.c.h; path = MTMapLocationMarkerItem.h; sourceTree = "<group>"; };
		36348BE029BE37CE00548051 /* MTMapView.h */ = {isa = PBXFileReference; fileEncoding = 4; lastKnownFileType = sourcecode.c.h; path = MTMapView.h; sourceTree = "<group>"; };
		36348BE129BE37CE00548051 /* MTMapGeometry.h */ = {isa = PBXFileReference; fileEncoding = 4; lastKnownFileType = sourcecode.c.h; path = MTMapGeometry.h; sourceTree = "<group>"; };
		36348BE229BE37CE00548051 /* MTMapCircle.h */ = {isa = PBXFileReference; fileEncoding = 4; lastKnownFileType = sourcecode.c.h; path = MTMapCircle.h; sourceTree = "<group>"; };
		36348BE329BE37CE00548051 /* info_box.png */ = {isa = PBXFileReference; lastKnownFileType = image.png; path = info_box.png; sourceTree = "<group>"; };
		36348BE429BE37CE00548051 /* point_sprite.png */ = {isa = PBXFileReference; lastKnownFileType = image.png; path = point_sprite.png; sourceTree = "<group>"; };
		36348BE529BE37CE00548051 /* map_pinup_custom.png */ = {isa = PBXFileReference; lastKnownFileType = image.png; path = map_pinup_custom.png; sourceTree = "<group>"; };
		36348BE629BE37CE00548051 /* info_box_tail.png */ = {isa = PBXFileReference; lastKnownFileType = image.png; path = info_box_tail.png; sourceTree = "<group>"; };
		36348BE729BE37CE00548051 /* noimage256.png */ = {isa = PBXFileReference; lastKnownFileType = image.png; path = noimage256.png; sourceTree = "<group>"; };
		36348BE829BE37CE00548051 /* map_present_direction.png */ = {isa = PBXFileReference; lastKnownFileType = image.png; path = map_present_direction.png; sourceTree = "<group>"; };
		36348BE929BE37CE00548051 /* map_pin.png */ = {isa = PBXFileReference; lastKnownFileType = image.png; path = map_pin.png; sourceTree = "<group>"; };
		36348BEA29BE37CE00548051 /* map_present.png */ = {isa = PBXFileReference; lastKnownFileType = image.png; path = map_present.png; sourceTree = "<group>"; };
		36348BEB29BE37CE00548051 /* noimage.png */ = {isa = PBXFileReference; lastKnownFileType = image.png; path = noimage.png; sourceTree = "<group>"; };
		36348BEC29BE37CE00548051 /* map_present_background_update.png */ = {isa = PBXFileReference; lastKnownFileType = image.png; path = map_present_background_update.png; sourceTree = "<group>"; };
		36348BED29BE37CE00548051 /* daum_th_line.png */ = {isa = PBXFileReference; lastKnownFileType = image.png; path = daum_th_line.png; sourceTree = "<group>"; };
		36348BEE29BE37CE00548051 /* map_pin_shadow.png */ = {isa = PBXFileReference; lastKnownFileType = image.png; path = map_pin_shadow.png; sourceTree = "<group>"; };
		36348BEF29BE37CE00548051 /* DaumMap.framework */ = {isa = PBXFileReference; lastKnownFileType = wrapper.framework; path = DaumMap.framework; sourceTree = "<group>"; };
		36348C0C29BE383200548051 /* CoreLocation.framework */ = {isa = PBXFileReference; lastKnownFileType = wrapper.framework; name = CoreLocation.framework; path = System/Library/Frameworks/CoreLocation.framework; sourceTree = SDKROOT; };
		36348C0E29BE384100548051 /* libc++.tbd */ = {isa = PBXFileReference; lastKnownFileType = "sourcecode.text-based-dylib-definition"; name = "libc++.tbd"; path = "usr/lib/libc++.tbd"; sourceTree = SDKROOT; };
		36348C0F29BE384B00548051 /* Metal.framework */ = {isa = PBXFileReference; lastKnownFileType = wrapper.framework; name = Metal.framework; path = System/Library/Frameworks/Metal.framework; sourceTree = SDKROOT; };
		36348C1129BE385800548051 /* QuartzCore.framework */ = {isa = PBXFileReference; lastKnownFileType = wrapper.framework; name = QuartzCore.framework; path = System/Library/Frameworks/QuartzCore.framework; sourceTree = SDKROOT; };
		36348C1329BE385D00548051 /* SystemConfiguration.framework */ = {isa = PBXFileReference; lastKnownFileType = wrapper.framework; name = SystemConfiguration.framework; path = System/Library/Frameworks/SystemConfiguration.framework; sourceTree = SDKROOT; };
		36348C1529BE387600548051 /* Header.h */ = {isa = PBXFileReference; lastKnownFileType = sourcecode.c.h; path = Header.h; sourceTree = "<group>"; };
		36348C1729BE3A7200548051 /* libsqlite3.tbd */ = {isa = PBXFileReference; lastKnownFileType = "sourcecode.text-based-dylib-definition"; name = libsqlite3.tbd; path = usr/lib/libsqlite3.tbd; sourceTree = SDKROOT; };
		36348C1929BE3A8A00548051 /* libxml2.tbd */ = {isa = PBXFileReference; lastKnownFileType = "sourcecode.text-based-dylib-definition"; name = libxml2.tbd; path = usr/lib/libxml2.tbd; sourceTree = SDKROOT; };
		36348C2029BE404800548051 /* Pods_Mozzi.framework */ = {isa = PBXFileReference; explicitFileType = wrapper.framework; path = Pods_Mozzi.framework; sourceTree = BUILT_PRODUCTS_DIR; };
		3651571029F3436300598391 /* OCRImportView.swift */ = {isa = PBXFileReference; fileEncoding = 4; lastKnownFileType = sourcecode.swift; path = OCRImportView.swift; sourceTree = "<group>"; };
		3651571D29F3AEC900598391 /* Assets.xcassets */ = {isa = PBXFileReference; lastKnownFileType = folder.assetcatalog; path = Assets.xcassets; sourceTree = "<group>"; };
		36571AD829F94A4100576EF3 /* Consum.swift */ = {isa = PBXFileReference; lastKnownFileType = sourcecode.swift; path = Consum.swift; sourceTree = "<group>"; };
		36571ADA29F9629700576EF3 /* String+.swift */ = {isa = PBXFileReference; lastKnownFileType = sourcecode.swift; path = "String+.swift"; sourceTree = "<group>"; };
		36571ADC29F9635800576EF3 /* Date+.swift */ = {isa = PBXFileReference; lastKnownFileType = sourcecode.swift; path = "Date+.swift"; sourceTree = "<group>"; };
		36571ADF29F989B300576EF3 /* Consum.json */ = {isa = PBXFileReference; lastKnownFileType = text.json; path = Consum.json; sourceTree = "<group>"; };
		36571AE229F98C1D00576EF3 /* MockParser.swift */ = {isa = PBXFileReference; lastKnownFileType = sourcecode.swift; path = MockParser.swift; sourceTree = "<group>"; };
		36571AE529F98C8800576EF3 /* ConsumManager.swift */ = {isa = PBXFileReference; lastKnownFileType = sourcecode.swift; path = ConsumManager.swift; sourceTree = "<group>"; };
		36AB67C729EF266000C60C59 /* UploadRes.swift */ = {isa = PBXFileReference; lastKnownFileType = sourcecode.swift; path = UploadRes.swift; sourceTree = "<group>"; };
		36AB67C929EF4CB300C60C59 /* BaseScrollView.swift */ = {isa = PBXFileReference; lastKnownFileType = sourcecode.swift; path = BaseScrollView.swift; sourceTree = "<group>"; };
		36D3BB3C29EE8A5200A82957 /* HorizontalScrollView.swift */ = {isa = PBXFileReference; fileEncoding = 4; lastKnownFileType = sourcecode.swift; path = HorizontalScrollView.swift; sourceTree = "<group>"; };
		36D3BB3D29EE8A5200A82957 /* ProfileView.swift */ = {isa = PBXFileReference; fileEncoding = 4; lastKnownFileType = sourcecode.swift; path = ProfileView.swift; sourceTree = "<group>"; };
		36D3BB3E29EE8A5200A82957 /* PlaceListView.swift */ = {isa = PBXFileReference; fileEncoding = 4; lastKnownFileType = sourcecode.swift; path = PlaceListView.swift; sourceTree = "<group>"; };
		36D3BB3F29EE8A5200A82957 /* MapView.swift */ = {isa = PBXFileReference; fileEncoding = 4; lastKnownFileType = sourcecode.swift; path = MapView.swift; sourceTree = "<group>"; };
		36D3BB4029EE8A5200A82957 /* StampImageCell.swift */ = {isa = PBXFileReference; fileEncoding = 4; lastKnownFileType = sourcecode.swift; path = StampImageCell.swift; sourceTree = "<group>"; };
		36D3BB4129EE8A5200A82957 /* UploadView.swift */ = {isa = PBXFileReference; fileEncoding = 4; lastKnownFileType = sourcecode.swift; path = UploadView.swift; sourceTree = "<group>"; };
		36D3BB4229EE8A5200A82957 /* WritingPageView.swift */ = {isa = PBXFileReference; fileEncoding = 4; lastKnownFileType = sourcecode.swift; path = WritingPageView.swift; sourceTree = "<group>"; };
		36D3BB4329EE8A5200A82957 /* WishListView.swift */ = {isa = PBXFileReference; fileEncoding = 4; lastKnownFileType = sourcecode.swift; path = WishListView.swift; sourceTree = "<group>"; };
		36D3BB4429EE8A5200A82957 /* HeartView.swift */ = {isa = PBXFileReference; fileEncoding = 4; lastKnownFileType = sourcecode.swift; path = HeartView.swift; sourceTree = "<group>"; };
		36D3BB4529EE8A5200A82957 /* NotificationTableViewCell.swift */ = {isa = PBXFileReference; fileEncoding = 4; lastKnownFileType = sourcecode.swift; path = NotificationTableViewCell.swift; sourceTree = "<group>"; };
		36D3BB4629EE8A5200A82957 /* AddButton.swift */ = {isa = PBXFileReference; fileEncoding = 4; lastKnownFileType = sourcecode.swift; path = AddButton.swift; sourceTree = "<group>"; };
		36D3BB4729EE8A5200A82957 /* PlaceListTableViewCell.swift */ = {isa = PBXFileReference; fileEncoding = 4; lastKnownFileType = sourcecode.swift; path = PlaceListTableViewCell.swift; sourceTree = "<group>"; };
		36D3BB4929EE8A5200A82957 /* WritingPageViewController.swift */ = {isa = PBXFileReference; fileEncoding = 4; lastKnownFileType = sourcecode.swift; path = WritingPageViewController.swift; sourceTree = "<group>"; };
		36D3BB4A29EE8A5200A82957 /* MapViewController.swift */ = {isa = PBXFileReference; fileEncoding = 4; lastKnownFileType = sourcecode.swift; path = MapViewController.swift; sourceTree = "<group>"; };
		36D3BB4B29EE8A5200A82957 /* MainViewController.swift */ = {isa = PBXFileReference; fileEncoding = 4; lastKnownFileType = sourcecode.swift; path = MainViewController.swift; sourceTree = "<group>"; };
		36D3BB4C29EE8A5200A82957 /* NotificationSettingViewController.swift */ = {isa = PBXFileReference; fileEncoding = 4; lastKnownFileType = sourcecode.swift; path = NotificationSettingViewController.swift; sourceTree = "<group>"; };
		36D3BB4D29EE8A5200A82957 /* NotificationTableViewController.swift */ = {isa = PBXFileReference; fileEncoding = 4; lastKnownFileType = sourcecode.swift; path = NotificationTableViewController.swift; sourceTree = "<group>"; };
		36D3BB4E29EE8A5200A82957 /* CameraViewController.swift */ = {isa = PBXFileReference; fileEncoding = 4; lastKnownFileType = sourcecode.swift; path = CameraViewController.swift; sourceTree = "<group>"; };
		36D3BB4F29EE8A5200A82957 /* UploadViewController.swift */ = {isa = PBXFileReference; fileEncoding = 4; lastKnownFileType = sourcecode.swift; path = UploadViewController.swift; sourceTree = "<group>"; };
		36D3BB5029EE8A5200A82957 /* MainTabBarController.swift */ = {isa = PBXFileReference; fileEncoding = 4; lastKnownFileType = sourcecode.swift; path = MainTabBarController.swift; sourceTree = "<group>"; };
		36D3BB5129EE8A5200A82957 /* MypageViewController.swift */ = {isa = PBXFileReference; fileEncoding = 4; lastKnownFileType = sourcecode.swift; path = MypageViewController.swift; sourceTree = "<group>"; };
		36D3BB5229EE8A5200A82957 /* PlaceListViewController.swift */ = {isa = PBXFileReference; fileEncoding = 4; lastKnownFileType = sourcecode.swift; path = PlaceListViewController.swift; sourceTree = "<group>"; };
		36D3BB5429EE8A5300A82957 /* Model.swift */ = {isa = PBXFileReference; fileEncoding = 4; lastKnownFileType = sourcecode.swift; path = Model.swift; sourceTree = "<group>"; };
		36D3BB5629EE8A5300A82957 /* Image.swift */ = {isa = PBXFileReference; fileEncoding = 4; lastKnownFileType = sourcecode.swift; path = Image.swift; sourceTree = "<group>"; };
		36D3BB5829EE8A5300A82957 /* SignUpViewController.swift */ = {isa = PBXFileReference; fileEncoding = 4; lastKnownFileType = sourcecode.swift; path = SignUpViewController.swift; sourceTree = "<group>"; };
		36D3BB5929EE8A5300A82957 /* SignInView.swift */ = {isa = PBXFileReference; fileEncoding = 4; lastKnownFileType = sourcecode.swift; path = SignInView.swift; sourceTree = "<group>"; };
		36D3BB5A29EE8A5300A82957 /* UserInfoModel.swift */ = {isa = PBXFileReference; fileEncoding = 4; lastKnownFileType = sourcecode.swift; path = UserInfoModel.swift; sourceTree = "<group>"; };
		36D3BB5B29EE8A5300A82957 /* SignInViewController.swift */ = {isa = PBXFileReference; fileEncoding = 4; lastKnownFileType = sourcecode.swift; path = SignInViewController.swift; sourceTree = "<group>"; };
		36D3BB5D29EE8A5300A82957 /* UIView+.swift */ = {isa = PBXFileReference; fileEncoding = 4; lastKnownFileType = sourcecode.swift; path = "UIView+.swift"; sourceTree = "<group>"; };
		36D3BB5E29EE8A5300A82957 /* UIStackView+.swift */ = {isa = PBXFileReference; fileEncoding = 4; lastKnownFileType = sourcecode.swift; path = "UIStackView+.swift"; sourceTree = "<group>"; };
		36D3BB5F29EE8A5300A82957 /* UIViewController+.swift */ = {isa = PBXFileReference; fileEncoding = 4; lastKnownFileType = sourcecode.swift; path = "UIViewController+.swift"; sourceTree = "<group>"; };
		36D3BB6029EE8A5300A82957 /* UIColor+.swift */ = {isa = PBXFileReference; fileEncoding = 4; lastKnownFileType = sourcecode.swift; path = "UIColor+.swift"; sourceTree = "<group>"; };
		36D3BB6129EE8A5300A82957 /* BaseView.swift */ = {isa = PBXFileReference; fileEncoding = 4; lastKnownFileType = sourcecode.swift; path = BaseView.swift; sourceTree = "<group>"; };
		36D3BB8629EE935D00A82957 /* PhotoCaptureDelegate.swift */ = {isa = PBXFileReference; lastKnownFileType = sourcecode.swift; path = PhotoCaptureDelegate.swift; sourceTree = "<group>"; };
		36D3BB8C29EEDA2800A82957 /* OCRViewController.swift */ = {isa = PBXFileReference; lastKnownFileType = sourcecode.swift; path = OCRViewController.swift; sourceTree = "<group>"; };
		36D3BB8E29EEDC8A00A82957 /* LoadingView.swift */ = {isa = PBXFileReference; lastKnownFileType = sourcecode.swift; path = LoadingView.swift; sourceTree = "<group>"; };
		36D3BB9429EEECBF00A82957 /* CalendarView.swift */ = {isa = PBXFileReference; lastKnownFileType = sourcecode.swift; path = CalendarView.swift; sourceTree = "<group>"; };
		36F031F629F7E8CB0038998A /* UIFont+.swift */ = {isa = PBXFileReference; lastKnownFileType = sourcecode.swift; path = "UIFont+.swift"; sourceTree = "<group>"; };
		36F031F829F7EC640038998A /* Pretendard-SemiBold.otf */ = {isa = PBXFileReference; lastKnownFileType = file; path = "Pretendard-SemiBold.otf"; sourceTree = "<group>"; };
		36F031F929F7EC640038998A /* Pretendard-ExtraBold.otf */ = {isa = PBXFileReference; lastKnownFileType = file; path = "Pretendard-ExtraBold.otf"; sourceTree = "<group>"; };
		36F031FA29F7EC640038998A /* Pretendard-Black.otf */ = {isa = PBXFileReference; lastKnownFileType = file; path = "Pretendard-Black.otf"; sourceTree = "<group>"; };
		36F031FB29F7EC640038998A /* Pretendard-ExtraLight.otf */ = {isa = PBXFileReference; lastKnownFileType = file; path = "Pretendard-ExtraLight.otf"; sourceTree = "<group>"; };
		36F031FC29F7EC640038998A /* Pretendard-Bold.otf */ = {isa = PBXFileReference; lastKnownFileType = file; path = "Pretendard-Bold.otf"; sourceTree = "<group>"; };
		36F031FD29F7EC640038998A /* Pretendard-Light.otf */ = {isa = PBXFileReference; lastKnownFileType = file; path = "Pretendard-Light.otf"; sourceTree = "<group>"; };
		36F031FE29F7EC640038998A /* Pretendard-Regular.otf */ = {isa = PBXFileReference; lastKnownFileType = file; path = "Pretendard-Regular.otf"; sourceTree = "<group>"; };
		36F031FF29F7EC650038998A /* Pretendard-Medium.otf */ = {isa = PBXFileReference; lastKnownFileType = file; path = "Pretendard-Medium.otf"; sourceTree = "<group>"; };
		36F0320029F7EC650038998A /* Pretendard-Thin.otf */ = {isa = PBXFileReference; lastKnownFileType = file; path = "Pretendard-Thin.otf"; sourceTree = "<group>"; };
		A128A11CF04069B1320B97CB /* Pods-Mozzi.release.xcconfig */ = {isa = PBXFileReference; includeInIndex = 1; lastKnownFileType = text.xcconfig; name = "Pods-Mozzi.release.xcconfig"; path = "Target Support Files/Pods-Mozzi/Pods-Mozzi.release.xcconfig"; sourceTree = "<group>"; };
		DE75F6A2199CEDEB0203D566 /* Pods-Mozzi.debug.xcconfig */ = {isa = PBXFileReference; includeInIndex = 1; lastKnownFileType = text.xcconfig; name = "Pods-Mozzi.debug.xcconfig"; path = "Target Support Files/Pods-Mozzi/Pods-Mozzi.debug.xcconfig"; sourceTree = "<group>"; };
/* End PBXFileReference section */

/* Begin PBXFrameworksBuildPhase section */
		3628BC3329A9E11200A59EE8 /* Frameworks */ = {
			isa = PBXFrameworksBuildPhase;
			buildActionMask = 2147483647;
			files = (
				36348C2129BE404800548051 /* Pods_Mozzi.framework in Frameworks */,
				36348C1229BE385800548051 /* QuartzCore.framework in Frameworks */,
				36348C1629BE3A6500548051 /* libc++.tbd in Frameworks */,
				36348C1829BE3A7F00548051 /* libsqlite3.tbd in Frameworks */,
				36348C0D29BE383200548051 /* CoreLocation.framework in Frameworks */,
				36348C0B29BE37CE00548051 /* DaumMap.framework in Frameworks */,
				36348C1029BE384B00548051 /* Metal.framework in Frameworks */,
				36348C1A29BE3A9500548051 /* libxml2.tbd in Frameworks */,
				36348C1429BE385D00548051 /* SystemConfiguration.framework in Frameworks */,
			);
			runOnlyForDeploymentPostprocessing = 0;
		};
/* End PBXFrameworksBuildPhase section */

/* Begin PBXGroup section */
		3628BC2D29A9E11200A59EE8 = {
			isa = PBXGroup;
			children = (
				3628BC3829A9E11200A59EE8 /* Mozzi */,
				3628BC3729A9E11200A59EE8 /* Products */,
				52EEC224D3D85F472ABFD4CC /* Pods */,
				D65AA13790B827580C693469 /* Frameworks */,
			);
			sourceTree = "<group>";
		};
		3628BC3729A9E11200A59EE8 /* Products */ = {
			isa = PBXGroup;
			children = (
				3628BC3629A9E11200A59EE8 /* Mozzi.app */,
			);
			name = Products;
			sourceTree = "<group>";
		};
		3628BC3829A9E11200A59EE8 /* Mozzi */ = {
			isa = PBXGroup;
			children = (
				36571AE429F98C7000576EF3 /* Service */,
				36F031EC29F7E70B0038998A /* Font */,
				3628BC3929A9E11200A59EE8 /* AppDelegate.swift */,
				3628BC3B29A9E11200A59EE8 /* SceneDelegate.swift */,
				3651571D29F3AEC900598391 /* Assets.xcassets */,
				3628BC4729A9E11F00A59EE8 /* Info.plist */,
				36348C1529BE387600548051 /* Header.h */,
				36D3BB5729EE8A5300A82957 /* Auth */,
				36571ADE29F9891600576EF3 /* Mock */,
				36D3BB5C29EE8A5300A82957 /* Extension */,
				36D3BB3A29EE8A5200A82957 /* Main */,
				36571AE129F98BE600576EF3 /* Network */,
				36D3BB5329EE8A5300A82957 /* Model */,
				36D3BB5529EE8A5300A82957 /* Structs */,
				3628BC4429A9E11F00A59EE8 /* LaunchScreen.storyboard */,
			);
			path = Mozzi;
			sourceTree = "<group>";
		};
		36348BC929BE37CE00548051 /* DaumMap.embeddedframework */ = {
			isa = PBXGroup;
			children = (
				36348BCA29BE37CE00548051 /* Resources */,
				36348BEF29BE37CE00548051 /* DaumMap.framework */,
			);
			path = DaumMap.embeddedframework;
			sourceTree = "<group>";
		};
		36348BCA29BE37CE00548051 /* Resources */ = {
			isa = PBXGroup;
			children = (
				36348BCB29BE37CE00548051 /* map_pinup_custom@3x.png */,
				36348BCC29BE37CE00548051 /* map_pin_custom.png */,
				36348BCD29BE37CE00548051 /* shadow_balloon.png */,
				36348BCE29BE37CE00548051 /* map_pinup.png */,
				36348BCF29BE37CE00548051 /* detail_button.png */,
				36348BD029BE37CE00548051 /* map_pin_custom@3x.png */,
				36348BD129BE37CE00548051 /* map_pinup@3x.png */,
				36348BD229BE37CE00548051 /* map_pin_shadow@3x.png */,
				36348BD329BE37CE00548051 /* copyright.png */,
				36348BD429BE37CE00548051 /* th_line.png */,
				36348BD529BE37CE00548051 /* map_pin_red@3x.png */,
				36348BD629BE37CE00548051 /* daum_copyright.png */,
				36348BD729BE37CE00548051 /* map_pin@3x.png */,
				36348BD829BE37CE00548051 /* map_present_tracking.png */,
				36348BD929BE37CE00548051 /* map_pin_red.png */,
				36348BDA29BE37CE00548051 /* Headers */,
				36348BE329BE37CE00548051 /* info_box.png */,
				36348BE429BE37CE00548051 /* point_sprite.png */,
				36348BE529BE37CE00548051 /* map_pinup_custom.png */,
				36348BE629BE37CE00548051 /* info_box_tail.png */,
				36348BE729BE37CE00548051 /* noimage256.png */,
				36348BE829BE37CE00548051 /* map_present_direction.png */,
				36348BE929BE37CE00548051 /* map_pin.png */,
				36348BEA29BE37CE00548051 /* map_present.png */,
				36348BEB29BE37CE00548051 /* noimage.png */,
				36348BEC29BE37CE00548051 /* map_present_background_update.png */,
				36348BED29BE37CE00548051 /* daum_th_line.png */,
				36348BEE29BE37CE00548051 /* map_pin_shadow.png */,
			);
			path = Resources;
			sourceTree = "<group>";
		};
		36348BDA29BE37CE00548051 /* Headers */ = {
			isa = PBXGroup;
			children = (
				36348BDB29BE37CE00548051 /* MTMapPOIItem.h */,
				36348BDC29BE37CE00548051 /* MTMapCameraUpdate.h */,
				36348BDD29BE37CE00548051 /* MTMapReverseGeoCoder.h */,
				36348BDE29BE37CE00548051 /* MTMapPolyline.h */,
				36348BDF29BE37CE00548051 /* MTMapLocationMarkerItem.h */,
				36348BE029BE37CE00548051 /* MTMapView.h */,
				36348BE129BE37CE00548051 /* MTMapGeometry.h */,
				36348BE229BE37CE00548051 /* MTMapCircle.h */,
			);
			path = Headers;
			sourceTree = "<group>";
		};
		36571ADE29F9891600576EF3 /* Mock */ = {
			isa = PBXGroup;
			children = (
				36571ADF29F989B300576EF3 /* Consum.json */,
			);
			path = Mock;
			sourceTree = "<group>";
		};
		36571AE129F98BE600576EF3 /* Network */ = {
			isa = PBXGroup;
			children = (
				36571AE229F98C1D00576EF3 /* MockParser.swift */,
			);
			path = Network;
			sourceTree = "<group>";
		};
		36571AE429F98C7000576EF3 /* Service */ = {
			isa = PBXGroup;
			children = (
				36571AE529F98C8800576EF3 /* ConsumManager.swift */,
			);
			path = Service;
			sourceTree = "<group>";
		};
		36D3BB3A29EE8A5200A82957 /* Main */ = {
			isa = PBXGroup;
			children = (
				36D3BB8529EE934700A82957 /* delegate */,
				36D3BB3B29EE8A5200A82957 /* View */,
				36D3BB4829EE8A5200A82957 /* ViewController */,
			);
			path = Main;
			sourceTree = "<group>";
		};
		36D3BB3B29EE8A5200A82957 /* View */ = {
			isa = PBXGroup;
			children = (
				36D3BB3C29EE8A5200A82957 /* HorizontalScrollView.swift */,
				36D3BB9429EEECBF00A82957 /* CalendarView.swift */,
				36D3BB3D29EE8A5200A82957 /* ProfileView.swift */,
				36D3BB3E29EE8A5200A82957 /* PlaceListView.swift */,
				36D3BB3F29EE8A5200A82957 /* MapView.swift */,
				36D3BB4029EE8A5200A82957 /* StampImageCell.swift */,
				36D3BB4129EE8A5200A82957 /* UploadView.swift */,
				36D3BB4229EE8A5200A82957 /* WritingPageView.swift */,
				36D3BB4329EE8A5200A82957 /* WishListView.swift */,
				36D3BB4429EE8A5200A82957 /* HeartView.swift */,
				36D3BB4529EE8A5200A82957 /* NotificationTableViewCell.swift */,
				36D3BB4629EE8A5200A82957 /* AddButton.swift */,
				36D3BB4729EE8A5200A82957 /* PlaceListTableViewCell.swift */,
				36D3BB8E29EEDC8A00A82957 /* LoadingView.swift */,
				3651571029F3436300598391 /* OCRImportView.swift */,
				362ECDFF29F93B7D00A05322 /* DaliyUseView.swift */,
			);
			path = View;
			sourceTree = "<group>";
		};
		36D3BB4829EE8A5200A82957 /* ViewController */ = {
			isa = PBXGroup;
			children = (
				36D3BB4929EE8A5200A82957 /* WritingPageViewController.swift */,
				36D3BB4A29EE8A5200A82957 /* MapViewController.swift */,
				36D3BB4B29EE8A5200A82957 /* MainViewController.swift */,
				36D3BB4C29EE8A5200A82957 /* NotificationSettingViewController.swift */,
				36D3BB4D29EE8A5200A82957 /* NotificationTableViewController.swift */,
				36D3BB4E29EE8A5200A82957 /* CameraViewController.swift */,
				36D3BB4F29EE8A5200A82957 /* UploadViewController.swift */,
				36D3BB5029EE8A5200A82957 /* MainTabBarController.swift */,
				36D3BB5129EE8A5200A82957 /* MypageViewController.swift */,
				36D3BB5229EE8A5200A82957 /* PlaceListViewController.swift */,
				36D3BB8C29EEDA2800A82957 /* OCRViewController.swift */,
			);
			path = ViewController;
			sourceTree = "<group>";
		};
		36D3BB5329EE8A5300A82957 /* Model */ = {
			isa = PBXGroup;
			children = (
				36571AD829F94A4100576EF3 /* Consum.swift */,
				36D3BB5429EE8A5300A82957 /* Model.swift */,
			);
			path = Model;
			sourceTree = "<group>";
		};
		36D3BB5529EE8A5300A82957 /* Structs */ = {
			isa = PBXGroup;
			children = (
				36D3BB5629EE8A5300A82957 /* Image.swift */,
				36AB67C729EF266000C60C59 /* UploadRes.swift */,
				362ECDFD29F806AA00A05322 /* Notification.swift */,
			);
			path = Structs;
			sourceTree = "<group>";
		};
		36D3BB5729EE8A5300A82957 /* Auth */ = {
			isa = PBXGroup;
			children = (
				36D3BB5829EE8A5300A82957 /* SignUpViewController.swift */,
				36D3BB5929EE8A5300A82957 /* SignInView.swift */,
				36D3BB5A29EE8A5300A82957 /* UserInfoModel.swift */,
				36D3BB5B29EE8A5300A82957 /* SignInViewController.swift */,
			);
			path = Auth;
			sourceTree = "<group>";
		};
		36D3BB5C29EE8A5300A82957 /* Extension */ = {
			isa = PBXGroup;
			children = (
				36D3BB5D29EE8A5300A82957 /* UIView+.swift */,
				36D3BB5E29EE8A5300A82957 /* UIStackView+.swift */,
				36D3BB5F29EE8A5300A82957 /* UIViewController+.swift */,
				36D3BB6029EE8A5300A82957 /* UIColor+.swift */,
				36D3BB6129EE8A5300A82957 /* BaseView.swift */,
				36AB67C929EF4CB300C60C59 /* BaseScrollView.swift */,
				36F031F629F7E8CB0038998A /* UIFont+.swift */,
				362ECDFB29F7F62700A05322 /* UIImage+.swift */,
				36571ADA29F9629700576EF3 /* String+.swift */,
				36571ADC29F9635800576EF3 /* Date+.swift */,
			);
			path = Extension;
			sourceTree = "<group>";
		};
		36D3BB8529EE934700A82957 /* delegate */ = {
			isa = PBXGroup;
			children = (
				36D3BB8629EE935D00A82957 /* PhotoCaptureDelegate.swift */,
			);
			path = delegate;
			sourceTree = "<group>";
		};
		36F031EC29F7E70B0038998A /* Font */ = {
			isa = PBXGroup;
			children = (
				36F031FA29F7EC640038998A /* Pretendard-Black.otf */,
				36F031FC29F7EC640038998A /* Pretendard-Bold.otf */,
				36F031F929F7EC640038998A /* Pretendard-ExtraBold.otf */,
				36F031FB29F7EC640038998A /* Pretendard-ExtraLight.otf */,
				36F031FD29F7EC640038998A /* Pretendard-Light.otf */,
				36F031FF29F7EC650038998A /* Pretendard-Medium.otf */,
				36F031FE29F7EC640038998A /* Pretendard-Regular.otf */,
				36F031F829F7EC640038998A /* Pretendard-SemiBold.otf */,
				36F0320029F7EC650038998A /* Pretendard-Thin.otf */,
			);
			path = Font;
			sourceTree = "<group>";
		};
		52EEC224D3D85F472ABFD4CC /* Pods */ = {
			isa = PBXGroup;
			children = (
				DE75F6A2199CEDEB0203D566 /* Pods-Mozzi.debug.xcconfig */,
				A128A11CF04069B1320B97CB /* Pods-Mozzi.release.xcconfig */,
			);
			path = Pods;
			sourceTree = "<group>";
		};
		D65AA13790B827580C693469 /* Frameworks */ = {
			isa = PBXGroup;
			children = (
				36348C2029BE404800548051 /* Pods_Mozzi.framework */,
				36348C1929BE3A8A00548051 /* libxml2.tbd */,
				36348C1729BE3A7200548051 /* libsqlite3.tbd */,
				36348C1329BE385D00548051 /* SystemConfiguration.framework */,
				36348C1129BE385800548051 /* QuartzCore.framework */,
				36348C0F29BE384B00548051 /* Metal.framework */,
				36348C0E29BE384100548051 /* libc++.tbd */,
				36348C0C29BE383200548051 /* CoreLocation.framework */,
				36348BC929BE37CE00548051 /* DaumMap.embeddedframework */,
			);
			name = Frameworks;
			sourceTree = "<group>";
		};
/* End PBXGroup section */

/* Begin PBXNativeTarget section */
		3628BC3529A9E11200A59EE8 /* Mozzi */ = {
			isa = PBXNativeTarget;
			buildConfigurationList = 3628BC4A29A9E11F00A59EE8 /* Build configuration list for PBXNativeTarget "Mozzi" */;
			buildPhases = (
				83D5A83EB89D6D522DC50502 /* [CP] Check Pods Manifest.lock */,
				3628BC3229A9E11200A59EE8 /* Sources */,
				3628BC3329A9E11200A59EE8 /* Frameworks */,
				3628BC3429A9E11200A59EE8 /* Resources */,
				1C450A4B5A163B59936B47D5 /* [CP] Embed Pods Frameworks */,
				36348C1E29BE3B8900548051 /* Embed Frameworks */,
			);
			buildRules = (
			);
			dependencies = (
			);
			name = Mozzi;
			productName = Mozzi;
			productReference = 3628BC3629A9E11200A59EE8 /* Mozzi.app */;
			productType = "com.apple.product-type.application";
		};
/* End PBXNativeTarget section */

/* Begin PBXProject section */
		3628BC2E29A9E11200A59EE8 /* Project object */ = {
			isa = PBXProject;
			attributes = {
				BuildIndependentTargetsInParallel = 1;
				LastSwiftUpdateCheck = 1420;
				LastUpgradeCheck = 1420;
				TargetAttributes = {
					3628BC3529A9E11200A59EE8 = {
						CreatedOnToolsVersion = 14.2;
					};
				};
			};
			buildConfigurationList = 3628BC3129A9E11200A59EE8 /* Build configuration list for PBXProject "Mozzi" */;
			compatibilityVersion = "Xcode 14.0";
			developmentRegion = en;
			hasScannedForEncodings = 0;
			knownRegions = (
				en,
				Base,
			);
			mainGroup = 3628BC2D29A9E11200A59EE8;
			packageReferences = (
				36348C1F29BE3F5700548051 /* XCRemoteSwiftPackageReference "SnapKit" */,
			);
			productRefGroup = 3628BC3729A9E11200A59EE8 /* Products */;
			projectDirPath = "";
			projectRoot = "";
			targets = (
				3628BC3529A9E11200A59EE8 /* Mozzi */,
			);
		};
/* End PBXProject section */

/* Begin PBXResourcesBuildPhase section */
		3628BC3429A9E11200A59EE8 /* Resources */ = {
			isa = PBXResourcesBuildPhase;
			buildActionMask = 2147483647;
			files = (
				36348C0629BE37CE00548051 /* map_present.png in Resources */,
				36348BFC29BE37CE00548051 /* map_pin@3x.png in Resources */,
				36348BFA29BE37CE00548051 /* map_pin_red@3x.png in Resources */,
				36348C0529BE37CE00548051 /* map_pin.png in Resources */,
				36F0320229F7EC650038998A /* Pretendard-ExtraBold.otf in Resources */,
				3651571E29F3AECA00598391 /* Assets.xcassets in Resources */,
				36348BFE29BE37CE00548051 /* map_pin_red.png in Resources */,
				36348BF029BE37CE00548051 /* map_pinup_custom@3x.png in Resources */,
				36348BF829BE37CE00548051 /* copyright.png in Resources */,
				36348BF729BE37CE00548051 /* map_pin_shadow@3x.png in Resources */,
				36348BFB29BE37CE00548051 /* daum_copyright.png in Resources */,
				36F0320929F7EC650038998A /* Pretendard-Thin.otf in Resources */,
				36348BFF29BE37CE00548051 /* info_box.png in Resources */,
				36348BF529BE37CE00548051 /* map_pin_custom@3x.png in Resources */,
				36F0320729F7EC650038998A /* Pretendard-Regular.otf in Resources */,
				36348C0A29BE37CE00548051 /* map_pin_shadow.png in Resources */,
				36348BFD29BE37CE00548051 /* map_present_tracking.png in Resources */,
				36348BF429BE37CE00548051 /* detail_button.png in Resources */,
				36348C0729BE37CE00548051 /* noimage.png in Resources */,
				36348BF929BE37CE00548051 /* th_line.png in Resources */,
				36F0320629F7EC650038998A /* Pretendard-Light.otf in Resources */,
				36348C0229BE37CE00548051 /* info_box_tail.png in Resources */,
				36348BF129BE37CE00548051 /* map_pin_custom.png in Resources */,
				36348C0129BE37CE00548051 /* map_pinup_custom.png in Resources */,
				36F0320429F7EC650038998A /* Pretendard-ExtraLight.otf in Resources */,
				36348BF629BE37CE00548051 /* map_pinup@3x.png in Resources */,
				36571AE029F989B300576EF3 /* Consum.json in Resources */,
				36348C0029BE37CE00548051 /* point_sprite.png in Resources */,
				36348C0829BE37CE00548051 /* map_present_background_update.png in Resources */,
				36F0320529F7EC650038998A /* Pretendard-Bold.otf in Resources */,
				36348C0429BE37CE00548051 /* map_present_direction.png in Resources */,
				36348C0329BE37CE00548051 /* noimage256.png in Resources */,
				36348BF229BE37CE00548051 /* shadow_balloon.png in Resources */,
				3628BC4629A9E11F00A59EE8 /* LaunchScreen.storyboard in Resources */,
				36F0320829F7EC650038998A /* Pretendard-Medium.otf in Resources */,
				36F0320129F7EC650038998A /* Pretendard-SemiBold.otf in Resources */,
				36348C0929BE37CE00548051 /* daum_th_line.png in Resources */,
				36F0320329F7EC650038998A /* Pretendard-Black.otf in Resources */,
				36348BF329BE37CE00548051 /* map_pinup.png in Resources */,
			);
			runOnlyForDeploymentPostprocessing = 0;
		};
/* End PBXResourcesBuildPhase section */

/* Begin PBXShellScriptBuildPhase section */
		1C450A4B5A163B59936B47D5 /* [CP] Embed Pods Frameworks */ = {
			isa = PBXShellScriptBuildPhase;
			buildActionMask = 2147483647;
			files = (
			);
			inputFileListPaths = (
				"${PODS_ROOT}/Target Support Files/Pods-Mozzi/Pods-Mozzi-frameworks-${CONFIGURATION}-input-files.xcfilelist",
			);
			name = "[CP] Embed Pods Frameworks";
			outputFileListPaths = (
				"${PODS_ROOT}/Target Support Files/Pods-Mozzi/Pods-Mozzi-frameworks-${CONFIGURATION}-output-files.xcfilelist",
			);
			runOnlyForDeploymentPostprocessing = 0;
			shellPath = /bin/sh;
			shellScript = "\"${PODS_ROOT}/Target Support Files/Pods-Mozzi/Pods-Mozzi-frameworks.sh\"\n";
			showEnvVarsInLog = 0;
		};
		83D5A83EB89D6D522DC50502 /* [CP] Check Pods Manifest.lock */ = {
			isa = PBXShellScriptBuildPhase;
			buildActionMask = 2147483647;
			files = (
			);
			inputFileListPaths = (
			);
			inputPaths = (
				"${PODS_PODFILE_DIR_PATH}/Podfile.lock",
				"${PODS_ROOT}/Manifest.lock",
			);
			name = "[CP] Check Pods Manifest.lock";
			outputFileListPaths = (
			);
			outputPaths = (
				"$(DERIVED_FILE_DIR)/Pods-Mozzi-checkManifestLockResult.txt",
			);
			runOnlyForDeploymentPostprocessing = 0;
			shellPath = /bin/sh;
			shellScript = "diff \"${PODS_PODFILE_DIR_PATH}/Podfile.lock\" \"${PODS_ROOT}/Manifest.lock\" > /dev/null\nif [ $? != 0 ] ; then\n    # print error to STDERR\n    echo \"error: The sandbox is not in sync with the Podfile.lock. Run 'pod install' or update your CocoaPods installation.\" >&2\n    exit 1\nfi\n# This output is used by Xcode 'outputs' to avoid re-running this script phase.\necho \"SUCCESS\" > \"${SCRIPT_OUTPUT_FILE_0}\"\n";
			showEnvVarsInLog = 0;
		};
/* End PBXShellScriptBuildPhase section */

/* Begin PBXSourcesBuildPhase section */
		3628BC3229A9E11200A59EE8 /* Sources */ = {
			isa = PBXSourcesBuildPhase;
			buildActionMask = 2147483647;
			files = (
				36571ADD29F9635800576EF3 /* Date+.swift in Sources */,
				362ECE0029F93B7D00A05322 /* DaliyUseView.swift in Sources */,
				36D3BB7029EE8A5300A82957 /* MainViewController.swift in Sources */,
				36D3BB7929EE8A5300A82957 /* Image.swift in Sources */,
				36D3BB6229EE8A5300A82957 /* HorizontalScrollView.swift in Sources */,
				36D3BB7C29EE8A5300A82957 /* UserInfoModel.swift in Sources */,
				36D3BB6429EE8A5300A82957 /* PlaceListView.swift in Sources */,
				36D3BB6D29EE8A5300A82957 /* PlaceListTableViewCell.swift in Sources */,
				36D3BB8729EE935D00A82957 /* PhotoCaptureDelegate.swift in Sources */,
				362ECDFE29F806AA00A05322 /* Notification.swift in Sources */,
				36571AE629F98C8800576EF3 /* ConsumManager.swift in Sources */,
				36D3BB8D29EEDA2800A82957 /* OCRViewController.swift in Sources */,
				36571ADB29F9629700576EF3 /* String+.swift in Sources */,
				36D3BB8229EE8A5300A82957 /* BaseView.swift in Sources */,
				36D3BB6C29EE8A5300A82957 /* AddButton.swift in Sources */,
				36D3BB9529EEECBF00A82957 /* CalendarView.swift in Sources */,
				36D3BB7F29EE8A5300A82957 /* UIStackView+.swift in Sources */,
				36D3BB7229EE8A5300A82957 /* NotificationTableViewController.swift in Sources */,
				36D3BB6529EE8A5300A82957 /* MapView.swift in Sources */,
				3651571129F3436300598391 /* OCRImportView.swift in Sources */,
				36D3BB7B29EE8A5300A82957 /* SignInView.swift in Sources */,
				36F031F729F7E8CB0038998A /* UIFont+.swift in Sources */,
				36D3BB6E29EE8A5300A82957 /* WritingPageViewController.swift in Sources */,
				36AB67CA29EF4CB300C60C59 /* BaseScrollView.swift in Sources */,
				36D3BB7A29EE8A5300A82957 /* SignUpViewController.swift in Sources */,
				36D3BB6829EE8A5300A82957 /* WritingPageView.swift in Sources */,
				36D3BB8F29EEDC8A00A82957 /* LoadingView.swift in Sources */,
				36571AD929F94A4100576EF3 /* Consum.swift in Sources */,
				36D3BB6929EE8A5300A82957 /* WishListView.swift in Sources */,
				36D3BB7129EE8A5300A82957 /* NotificationSettingViewController.swift in Sources */,
				36D3BB7429EE8A5300A82957 /* UploadViewController.swift in Sources */,
				36D3BB6B29EE8A5300A82957 /* NotificationTableViewCell.swift in Sources */,
				36D3BB7829EE8A5300A82957 /* Model.swift in Sources */,
				3628BC3A29A9E11200A59EE8 /* AppDelegate.swift in Sources */,
				36D3BB8129EE8A5300A82957 /* UIColor+.swift in Sources */,
				36D3BB7329EE8A5300A82957 /* CameraViewController.swift in Sources */,
				36D3BB6F29EE8A5300A82957 /* MapViewController.swift in Sources */,
				36D3BB7E29EE8A5300A82957 /* UIView+.swift in Sources */,
				36D3BB6A29EE8A5300A82957 /* HeartView.swift in Sources */,
				36571AE329F98C1D00576EF3 /* MockParser.swift in Sources */,
				36D3BB7529EE8A5300A82957 /* MainTabBarController.swift in Sources */,
				3628BC3C29A9E11200A59EE8 /* SceneDelegate.swift in Sources */,
				36D3BB7D29EE8A5300A82957 /* SignInViewController.swift in Sources */,
				36D3BB7629EE8A5300A82957 /* MypageViewController.swift in Sources */,
				36D3BB7729EE8A5300A82957 /* PlaceListViewController.swift in Sources */,
				36AB67C829EF266000C60C59 /* UploadRes.swift in Sources */,
				36D3BB6729EE8A5300A82957 /* UploadView.swift in Sources */,
				36D3BB6329EE8A5300A82957 /* ProfileView.swift in Sources */,
				362ECDFC29F7F62700A05322 /* UIImage+.swift in Sources */,
				36D3BB8029EE8A5300A82957 /* UIViewController+.swift in Sources */,
				36D3BB6629EE8A5300A82957 /* StampImageCell.swift in Sources */,
			);
			runOnlyForDeploymentPostprocessing = 0;
		};
/* End PBXSourcesBuildPhase section */

/* Begin PBXVariantGroup section */
		3628BC4429A9E11F00A59EE8 /* LaunchScreen.storyboard */ = {
			isa = PBXVariantGroup;
			children = (
				3628BC4529A9E11F00A59EE8 /* Base */,
			);
			name = LaunchScreen.storyboard;
			sourceTree = "<group>";
		};
/* End PBXVariantGroup section */

/* Begin XCBuildConfiguration section */
		3628BC4829A9E11F00A59EE8 /* Debug */ = {
			isa = XCBuildConfiguration;
			buildSettings = {
				ALWAYS_SEARCH_USER_PATHS = NO;
				CLANG_ANALYZER_NONNULL = YES;
				CLANG_ANALYZER_NUMBER_OBJECT_CONVERSION = YES_AGGRESSIVE;
				CLANG_CXX_LANGUAGE_STANDARD = "gnu++20";
				CLANG_ENABLE_MODULES = YES;
				CLANG_ENABLE_OBJC_ARC = YES;
				CLANG_ENABLE_OBJC_WEAK = YES;
				CLANG_WARN_BLOCK_CAPTURE_AUTORELEASING = YES;
				CLANG_WARN_BOOL_CONVERSION = YES;
				CLANG_WARN_COMMA = YES;
				CLANG_WARN_CONSTANT_CONVERSION = YES;
				CLANG_WARN_DEPRECATED_OBJC_IMPLEMENTATIONS = YES;
				CLANG_WARN_DIRECT_OBJC_ISA_USAGE = YES_ERROR;
				CLANG_WARN_DOCUMENTATION_COMMENTS = YES;
				CLANG_WARN_EMPTY_BODY = YES;
				CLANG_WARN_ENUM_CONVERSION = YES;
				CLANG_WARN_INFINITE_RECURSION = YES;
				CLANG_WARN_INT_CONVERSION = YES;
				CLANG_WARN_NON_LITERAL_NULL_CONVERSION = YES;
				CLANG_WARN_OBJC_IMPLICIT_RETAIN_SELF = YES;
				CLANG_WARN_OBJC_LITERAL_CONVERSION = YES;
				CLANG_WARN_OBJC_ROOT_CLASS = YES_ERROR;
				CLANG_WARN_QUOTED_INCLUDE_IN_FRAMEWORK_HEADER = YES;
				CLANG_WARN_RANGE_LOOP_ANALYSIS = YES;
				CLANG_WARN_STRICT_PROTOTYPES = YES;
				CLANG_WARN_SUSPICIOUS_MOVE = YES;
				CLANG_WARN_UNGUARDED_AVAILABILITY = YES_AGGRESSIVE;
				CLANG_WARN_UNREACHABLE_CODE = YES;
				CLANG_WARN__DUPLICATE_METHOD_MATCH = YES;
				COPY_PHASE_STRIP = NO;
				DEBUG_INFORMATION_FORMAT = dwarf;
				ENABLE_STRICT_OBJC_MSGSEND = YES;
				ENABLE_TESTABILITY = YES;
				GCC_C_LANGUAGE_STANDARD = gnu11;
				GCC_DYNAMIC_NO_PIC = NO;
				GCC_NO_COMMON_BLOCKS = YES;
				GCC_OPTIMIZATION_LEVEL = 0;
				GCC_PREPROCESSOR_DEFINITIONS = (
					"DEBUG=1",
					"$(inherited)",
				);
				GCC_WARN_64_TO_32_BIT_CONVERSION = YES;
				GCC_WARN_ABOUT_RETURN_TYPE = YES_ERROR;
				GCC_WARN_UNDECLARED_SELECTOR = YES;
				GCC_WARN_UNINITIALIZED_AUTOS = YES_AGGRESSIVE;
				GCC_WARN_UNUSED_FUNCTION = YES;
				GCC_WARN_UNUSED_VARIABLE = YES;
				IPHONEOS_DEPLOYMENT_TARGET = 16.2;
				MTL_ENABLE_DEBUG_INFO = INCLUDE_SOURCE;
				MTL_FAST_MATH = YES;
				ONLY_ACTIVE_ARCH = YES;
				SDKROOT = iphoneos;
				SWIFT_ACTIVE_COMPILATION_CONDITIONS = DEBUG;
				SWIFT_OPTIMIZATION_LEVEL = "-Onone";
			};
			name = Debug;
		};
		3628BC4929A9E11F00A59EE8 /* Release */ = {
			isa = XCBuildConfiguration;
			buildSettings = {
				ALWAYS_SEARCH_USER_PATHS = NO;
				CLANG_ANALYZER_NONNULL = YES;
				CLANG_ANALYZER_NUMBER_OBJECT_CONVERSION = YES_AGGRESSIVE;
				CLANG_CXX_LANGUAGE_STANDARD = "gnu++20";
				CLANG_ENABLE_MODULES = YES;
				CLANG_ENABLE_OBJC_ARC = YES;
				CLANG_ENABLE_OBJC_WEAK = YES;
				CLANG_WARN_BLOCK_CAPTURE_AUTORELEASING = YES;
				CLANG_WARN_BOOL_CONVERSION = YES;
				CLANG_WARN_COMMA = YES;
				CLANG_WARN_CONSTANT_CONVERSION = YES;
				CLANG_WARN_DEPRECATED_OBJC_IMPLEMENTATIONS = YES;
				CLANG_WARN_DIRECT_OBJC_ISA_USAGE = YES_ERROR;
				CLANG_WARN_DOCUMENTATION_COMMENTS = YES;
				CLANG_WARN_EMPTY_BODY = YES;
				CLANG_WARN_ENUM_CONVERSION = YES;
				CLANG_WARN_INFINITE_RECURSION = YES;
				CLANG_WARN_INT_CONVERSION = YES;
				CLANG_WARN_NON_LITERAL_NULL_CONVERSION = YES;
				CLANG_WARN_OBJC_IMPLICIT_RETAIN_SELF = YES;
				CLANG_WARN_OBJC_LITERAL_CONVERSION = YES;
				CLANG_WARN_OBJC_ROOT_CLASS = YES_ERROR;
				CLANG_WARN_QUOTED_INCLUDE_IN_FRAMEWORK_HEADER = YES;
				CLANG_WARN_RANGE_LOOP_ANALYSIS = YES;
				CLANG_WARN_STRICT_PROTOTYPES = YES;
				CLANG_WARN_SUSPICIOUS_MOVE = YES;
				CLANG_WARN_UNGUARDED_AVAILABILITY = YES_AGGRESSIVE;
				CLANG_WARN_UNREACHABLE_CODE = YES;
				CLANG_WARN__DUPLICATE_METHOD_MATCH = YES;
				COPY_PHASE_STRIP = NO;
				DEBUG_INFORMATION_FORMAT = "dwarf-with-dsym";
				ENABLE_NS_ASSERTIONS = NO;
				ENABLE_STRICT_OBJC_MSGSEND = YES;
				GCC_C_LANGUAGE_STANDARD = gnu11;
				GCC_NO_COMMON_BLOCKS = YES;
				GCC_WARN_64_TO_32_BIT_CONVERSION = YES;
				GCC_WARN_ABOUT_RETURN_TYPE = YES_ERROR;
				GCC_WARN_UNDECLARED_SELECTOR = YES;
				GCC_WARN_UNINITIALIZED_AUTOS = YES_AGGRESSIVE;
				GCC_WARN_UNUSED_FUNCTION = YES;
				GCC_WARN_UNUSED_VARIABLE = YES;
				IPHONEOS_DEPLOYMENT_TARGET = 16.2;
				MTL_ENABLE_DEBUG_INFO = NO;
				MTL_FAST_MATH = YES;
				SDKROOT = iphoneos;
				SWIFT_COMPILATION_MODE = wholemodule;
				SWIFT_OPTIMIZATION_LEVEL = "-O";
				VALIDATE_PRODUCT = YES;
			};
			name = Release;
		};
		3628BC4B29A9E11F00A59EE8 /* Debug */ = {
			isa = XCBuildConfiguration;
			baseConfigurationReference = DE75F6A2199CEDEB0203D566 /* Pods-Mozzi.debug.xcconfig */;
			buildSettings = {
				ASSETCATALOG_COMPILER_APPICON_NAME = AppIcon;
				ASSETCATALOG_COMPILER_GLOBAL_ACCENT_COLOR_NAME = AccentColor;
				CLANG_ENABLE_OBJC_ARC = NO;
				CLANG_LINK_OBJC_RUNTIME = YES;
				CLANG_WARN_OBJC_EXPLICIT_OWNERSHIP_TYPE = YES;
				CLANG_WARN_OBJC_IMPLICIT_RETAIN_SELF = YES;
				CLANG_WARN_OBJC_REPEATED_USE_OF_WEAK = NO;
				CODE_SIGN_STYLE = Automatic;
				CURRENT_PROJECT_VERSION = 1;
				DEVELOPMENT_TEAM = 8D8H8KC6DH;
				EXCLUDED_ARCHS = "";
				"EXCLUDED_ARCHS[sdk=iphonesimulator*]" = "";
				FRAMEWORK_SEARCH_PATHS = (
					"$(inherited)",
					"$(PROJECT_DIR)/DaumMap.embeddedframework",
				);
				GENERATE_INFOPLIST_FILE = YES;
				INFOPLIST_FILE = Mozzi/Info.plist;
				INFOPLIST_KEY_UIApplicationSupportsIndirectInputEvents = YES;
				INFOPLIST_KEY_UILaunchStoryboardName = LaunchScreen;
				INFOPLIST_KEY_UIMainStoryboardFile = "";
				INFOPLIST_KEY_UISupportedInterfaceOrientations_iPad = "UIInterfaceOrientationPortrait UIInterfaceOrientationPortraitUpsideDown UIInterfaceOrientationLandscapeLeft UIInterfaceOrientationLandscapeRight";
				INFOPLIST_KEY_UISupportedInterfaceOrientations_iPhone = "UIInterfaceOrientationPortrait UIInterfaceOrientationLandscapeLeft UIInterfaceOrientationLandscapeRight";
				LD_RUNPATH_SEARCH_PATHS = (
					"$(inherited)",
					"@executable_path/Frameworks",
				);
				MARKETING_VERSION = 1.0;
				PRODUCT_BUNDLE_IDENTIFIER = LJH.Mozzi;
				PRODUCT_NAME = "$(TARGET_NAME)";
				SWIFT_EMIT_LOC_STRINGS = YES;
				SWIFT_OBJC_BRIDGING_HEADER = Mozzi/Header.h;
				SWIFT_VERSION = 5.0;
				TARGETED_DEVICE_FAMILY = "1,2";
			};
			name = Debug;
		};
		3628BC4C29A9E11F00A59EE8 /* Release */ = {
			isa = XCBuildConfiguration;
			baseConfigurationReference = A128A11CF04069B1320B97CB /* Pods-Mozzi.release.xcconfig */;
			buildSettings = {
				ASSETCATALOG_COMPILER_APPICON_NAME = AppIcon;
				ASSETCATALOG_COMPILER_GLOBAL_ACCENT_COLOR_NAME = AccentColor;
				CLANG_ENABLE_OBJC_ARC = NO;
				CLANG_LINK_OBJC_RUNTIME = YES;
				CLANG_WARN_OBJC_EXPLICIT_OWNERSHIP_TYPE = YES;
				CLANG_WARN_OBJC_IMPLICIT_RETAIN_SELF = YES;
				CLANG_WARN_OBJC_REPEATED_USE_OF_WEAK = NO;
				CODE_SIGN_STYLE = Automatic;
				CURRENT_PROJECT_VERSION = 1;
				DEVELOPMENT_TEAM = 8D8H8KC6DH;
				EXCLUDED_ARCHS = "";
				"EXCLUDED_ARCHS[sdk=*]" = "";
				FRAMEWORK_SEARCH_PATHS = (
					"$(inherited)",
					"$(PROJECT_DIR)/DaumMap.embeddedframework",
				);
				GENERATE_INFOPLIST_FILE = YES;
				INFOPLIST_FILE = Mozzi/Info.plist;
				INFOPLIST_KEY_UIApplicationSupportsIndirectInputEvents = YES;
				INFOPLIST_KEY_UILaunchStoryboardName = LaunchScreen;
				INFOPLIST_KEY_UIMainStoryboardFile = "";
				INFOPLIST_KEY_UISupportedInterfaceOrientations_iPad = "UIInterfaceOrientationPortrait UIInterfaceOrientationPortraitUpsideDown UIInterfaceOrientationLandscapeLeft UIInterfaceOrientationLandscapeRight";
				INFOPLIST_KEY_UISupportedInterfaceOrientations_iPhone = "UIInterfaceOrientationPortrait UIInterfaceOrientationLandscapeLeft UIInterfaceOrientationLandscapeRight";
				LD_RUNPATH_SEARCH_PATHS = (
					"$(inherited)",
					"@executable_path/Frameworks",
				);
				MARKETING_VERSION = 1.0;
				PRODUCT_BUNDLE_IDENTIFIER = LJH.Mozzi;
				PRODUCT_NAME = "$(TARGET_NAME)";
				SWIFT_EMIT_LOC_STRINGS = YES;
				SWIFT_OBJC_BRIDGING_HEADER = Mozzi/Header.h;
				SWIFT_VERSION = 5.0;
				TARGETED_DEVICE_FAMILY = "1,2";
			};
			name = Release;
		};
/* End XCBuildConfiguration section */

/* Begin XCConfigurationList section */
		3628BC3129A9E11200A59EE8 /* Build configuration list for PBXProject "Mozzi" */ = {
			isa = XCConfigurationList;
			buildConfigurations = (
				3628BC4829A9E11F00A59EE8 /* Debug */,
				3628BC4929A9E11F00A59EE8 /* Release */,
			);
			defaultConfigurationIsVisible = 0;
			defaultConfigurationName = Release;
		};
		3628BC4A29A9E11F00A59EE8 /* Build configuration list for PBXNativeTarget "Mozzi" */ = {
			isa = XCConfigurationList;
			buildConfigurations = (
				3628BC4B29A9E11F00A59EE8 /* Debug */,
				3628BC4C29A9E11F00A59EE8 /* Release */,
			);
			defaultConfigurationIsVisible = 0;
			defaultConfigurationName = Release;
		};
/* End XCConfigurationList section */

/* Begin XCRemoteSwiftPackageReference section */
		36348C1F29BE3F5700548051 /* XCRemoteSwiftPackageReference "SnapKit" */ = {
			isa = XCRemoteSwiftPackageReference;
			repositoryURL = "https://github.com/SnapKit/SnapKit.git";
			requirement = {
				branch = develop;
				kind = branch;
			};
		};
/* End XCRemoteSwiftPackageReference section */
	};
	rootObject = 3628BC2E29A9E11200A59EE8 /* Project object */;
}
