PODS:
  - Alamofire (5.6.4)
  - FSCalendar (2.8.4)
  - Gifu (3.3.1)
  - SDWebImage (5.15.5):
    - SDWebImage/Core (= 5.15.5)
  - SDWebImage/Core (5.15.5)
  - SnapKit (5.6.0)
  - SwiftyJSON (5.0.1)

DEPENDENCIES:
  - Alamofire
  - FSCalendar
  - Gifu
  - SDWebImage
  - SnapKit (~> 5.6.0)
  - SwiftyJSON

SPEC REPOS:
  trunk:
    - Alamofire
    - FSCalendar
    - Gifu
    - SDWebImage
    - SnapKit
    - SwiftyJSON

SPEC CHECKSUMS:
  Alamofire: 4e95d97098eacb88856099c4fc79b526a299e48c
  FSCalendar: 2d1d0d9398f12d439f55c1fe0f01525b151b8260
  Gifu: 416d4e38c4c2fed012f019e0a1d3ffcb58e5b842
  SDWebImage: fd7e1a22f00303e058058278639bf6196ee431fe
  SnapKit: e01d52ebb8ddbc333eefe2132acf85c8227d9c25
  SwiftyJSON: 2f33a42c6fbc52764d96f13368585094bfd8aa5e

PODFILE CHECKSUM: 97e98f7eefa0d4516a320ff6e03625838146bfd2

COCOAPODS: 1.12.0
